
Microsoft Visual Studio Solution File, Format Version 12.00
# Visual Studio Version 16
VisualStudioVersion = 16.0.30002.166
MinimumVisualStudioVersion = 10.0.40219.1
Project("{FAE04EC0-301F-11D3-BF4B-00C04F79EFBC}") = "ATM.Web", "ATM.Web\ATM.Web.csproj", "{64B4ABAC-8E3C-4B0B-8CE4-2A7316D61EB3}"
EndProject
Global
	GlobalSection(SolutionConfigurationPlatforms) = preSolution
		Debug|Any CPU = Debug|Any CPU
		Release|Any CPU = Release|Any CPU
	EndGlobalSection
	GlobalSection(ProjectConfigurationPlatforms) = postSolution
		{64B4ABAC-8E3C-4B0B-8CE4-2A7316D61EB3}.Debug|Any CPU.ActiveCfg = Debug|Any CPU
		{64B4ABAC-8E3C-4B0B-8CE4-2A7316D61EB3}.Debug|Any CPU.Build.0 = Debug|Any CPU
		{64B4ABAC-8E3C-4B0B-8CE4-2A7316D61EB3}.Release|Any CPU.ActiveCfg = Release|Any CPU
		{64B4ABAC-8E3C-4B0B-8CE4-2A7316D61EB3}.Release|Any CPU.Build.0 = Release|Any CPU
	EndGlobalSection
	GlobalSection(SolutionProperties) = preSolution
		HideSolutionNode = FALSE
	EndGlobalSection
	GlobalSection(ExtensibilityGlobals) = postSolution
		SolutionGuid = {FBD351B8-D5C1-443C-9F2B-88D7CF6791A5}
	EndGlobalSection
EndGlobal
